// !$*UTF8*$!
{
	archiveVersion = 1;
	classes = {
	};
	objectVersion = 48;
	objects = {

/* Begin PBXBuildFile section */
		FAE15EEF200ED1C600F17B57 /* AppDelegate.swift in Sources */ = {isa = PBXBuildFile; fileRef = FAE15EEE200ED1C600F17B57 /* AppDelegate.swift */; };
		FAE15EF1200ED1C600F17B57 /* ViewController.swift in Sources */ = {isa = PBXBuildFile; fileRef = FAE15EF0200ED1C600F17B57 /* ViewController.swift */; };
		FAE15EF4200ED1C600F17B57 /* Main.storyboard in Resources */ = {isa = PBXBuildFile; fileRef = FAE15EF2200ED1C600F17B57 /* Main.storyboard */; };
		FAE15EF6200ED1C600F17B57 /* Assets.xcassets in Resources */ = {isa = PBXBuildFile; fileRef = FAE15EF5200ED1C600F17B57 /* Assets.xcassets */; };
		FAE15EF9200ED1C700F17B57 /* LaunchScreen.storyboard in Resources */ = {isa = PBXBuildFile; fileRef = FAE15EF7200ED1C700F17B57 /* LaunchScreen.storyboard */; };
		FAE15F04200ED1C700F17B57 /* Event_Manager_iOSTests.swift in Sources */ = {isa = PBXBuildFile; fileRef = FAE15F03200ED1C700F17B57 /* Event_Manager_iOSTests.swift */; };
/* End PBXBuildFile section */

/* Begin PBXContainerItemProxy section */
		FAE15F00200ED1C700F17B57 /* PBXContainerItemProxy */ = {
			isa = PBXContainerItemProxy;
			containerPortal = FAE15EE3200ED1C600F17B57 /* Project object */;
			proxyType = 1;
			remoteGlobalIDString = FAE15EEA200ED1C600F17B57;
			remoteInfo = "Event Manager iOS";
		};
/* End PBXContainerItemProxy section */

/* Begin PBXFileReference section */
		FAE15EEB200ED1C600F17B57 /* Event Manager iOS.app */ = {isa = PBXFileReference; explicitFileType = wrapper.application; includeInIndex = 0; path = "Event Manager iOS.app"; sourceTree = BUILT_PRODUCTS_DIR; };
		FAE15EEE200ED1C600F17B57 /* AppDelegate.swift */ = {isa = PBXFileReference; lastKnownFileType = sourcecode.swift; path = AppDelegate.swift; sourceTree = "<group>"; };
		FAE15EF0200ED1C600F17B57 /* ViewController.swift */ = {isa = PBXFileReference; lastKnownFileType = sourcecode.swift; path = ViewController.swift; sourceTree = "<group>"; };
		FAE15EF3200ED1C600F17B57 /* Base */ = {isa = PBXFileReference; lastKnownFileType = file.storyboard; name = Base; path = Base.lproj/Main.storyboard; sourceTree = "<group>"; };
		FAE15EF5200ED1C600F17B57 /* Assets.xcassets */ = {isa = PBXFileReference; lastKnownFileType = folder.assetcatalog; path = Assets.xcassets; sourceTree = "<group>"; };
		FAE15EF8200ED1C700F17B57 /* Base */ = {isa = PBXFileReference; lastKnownFileType = file.storyboard; name = Base; path = Base.lproj/LaunchScreen.storyboard; sourceTree = "<group>"; };
		FAE15EFA200ED1C700F17B57 /* Info.plist */ = {isa = PBXFileReference; lastKnownFileType = text.plist.xml; path = Info.plist; sourceTree = "<group>"; };
		FAE15EFF200ED1C700F17B57 /* Event Manager iOSTests.xctest */ = {isa = PBXFileReference; explicitFileType = wrapper.cfbundle; includeInIndex = 0; path = "Event Manager iOSTests.xctest"; sourceTree = BUILT_PRODUCTS_DIR; };
		FAE15F03200ED1C700F17B57 /* Event_Manager_iOSTests.swift */ = {isa = PBXFileReference; lastKnownFileType = sourcecode.swift; path = Event_Manager_iOSTests.swift; sourceTree = "<group>"; };
		FAE15F05200ED1C700F17B57 /* Info.plist */ = {isa = PBXFileReference; lastKnownFileType = text.plist.xml; path = Info.plist; sourceTree = "<group>"; };
/* End PBXFileReference section */

/* Begin PBXFrameworksBuildPhase section */
		FAE15EE8200ED1C600F17B57 /* Frameworks */ = {
			isa = PBXFrameworksBuildPhase;
			buildActionMask = 2147483647;
			files = (
			);
			runOnlyForDeploymentPostprocessing = 0;
		};
		FAE15EFC200ED1C700F17B57 /* Frameworks */ = {
			isa = PBXFrameworksBuildPhase;
			buildActionMask = 2147483647;
			files = (
			);
			runOnlyForDeploymentPostprocessing = 0;
		};
/* End PBXFrameworksBuildPhase section */

/* Begin PBXGroup section */
		FAE15EE2200ED1C600F17B57 = {
			isa = PBXGroup;
			children = (
				FAE15EED200ED1C600F17B57 /* Event Manager iOS */,
				FAE15F02200ED1C700F17B57 /* Event Manager iOSTests */,
				FAE15EEC200ED1C600F17B57 /* Products */,
			);
			sourceTree = "<group>";
		};
		FAE15EEC200ED1C600F17B57 /* Products */ = {
			isa = PBXGroup;
			children = (
				FAE15EEB200ED1C600F17B57 /* Event Manager iOS.app */,
				FAE15EFF200ED1C700F17B57 /* Event Manager iOSTests.xctest */,
			);
			name = Products;
			sourceTree = "<group>";
		};
		FAE15EED200ED1C600F17B57 /* Event Manager iOS */ = {
			isa = PBXGroup;
			children = (
				FAE15EEE200ED1C600F17B57 /* AppDelegate.swift */,
				FAE15EF0200ED1C600F17B57 /* ViewController.swift */,
				FAE15EF2200ED1C600F17B57 /* Main.storyboard */,
				FAE15EF5200ED1C600F17B57 /* Assets.xcassets */,
				FAE15EF7200ED1C700F17B57 /* LaunchScreen.storyboard */,
				FAE15EFA200ED1C700F17B57 /* Info.plist */,
			);
			path = "Event Manager iOS";
			sourceTree = "<group>";
		};
		FAE15F02200ED1C700F17B57 /* Event Manager iOSTests */ = {
			isa = PBXGroup;
			children = (
				FAE15F03200ED1C700F17B57 /* Event_Manager_iOSTests.swift */,
				FAE15F05200ED1C700F17B57 /* Info.plist */,
			);
			path = "Event Manager iOSTests";
			sourceTree = "<group>";
		};
/* End PBXGroup section */

/* Begin PBXNativeTarget section */
		FAE15EEA200ED1C600F17B57 /* Event Manager iOS */ = {
			isa = PBXNativeTarget;
			buildConfigurationList = FAE15F08200ED1C700F17B57 /* Build configuration list for PBXNativeTarget "Event Manager iOS" */;
			buildPhases = (
				FAE15EE7200ED1C600F17B57 /* Sources */,
				FAE15EE8200ED1C600F17B57 /* Frameworks */,
				FAE15EE9200ED1C600F17B57 /* Resources */,
			);
			buildRules = (
			);
			dependencies = (
			);
			name = "Event Manager iOS";
			productName = "Event Manager iOS";
			productReference = FAE15EEB200ED1C600F17B57 /* Event Manager iOS.app */;
			productType = "com.apple.product-type.application";
		};
		FAE15EFE200ED1C700F17B57 /* Event Manager iOSTests */ = {
			isa = PBXNativeTarget;
			buildConfigurationList = FAE15F0B200ED1C700F17B57 /* Build configuration list for PBXNativeTarget "Event Manager iOSTests" */;
			buildPhases = (
				FAE15EFB200ED1C700F17B57 /* Sources */,
				FAE15EFC200ED1C700F17B57 /* Frameworks */,
				FAE15EFD200ED1C700F17B57 /* Resources */,
			);
			buildRules = (
			);
			dependencies = (
				FAE15F01200ED1C700F17B57 /* PBXTargetDependency */,
			);
			name = "Event Manager iOSTests";
			productName = "Event Manager iOSTests";
			productReference = FAE15EFF200ED1C700F17B57 /* Event Manager iOSTests.xctest */;
			productType = "com.apple.product-type.bundle.unit-test";
		};
/* End PBXNativeTarget section */

/* Begin PBXProject section */
		FAE15EE3200ED1C600F17B57 /* Project object */ = {
			isa = PBXProject;
			attributes = {
				LastSwiftUpdateCheck = 0920;
				LastUpgradeCheck = 0920;
				ORGANIZATIONNAME = "Event Manager";
				TargetAttributes = {
					FAE15EEA200ED1C600F17B57 = {
						CreatedOnToolsVersion = 9.2;
						ProvisioningStyle = Automatic;
					};
					FAE15EFE200ED1C700F17B57 = {
						CreatedOnToolsVersion = 9.2;
						ProvisioningStyle = Automatic;
						TestTargetID = FAE15EEA200ED1C600F17B57;
					};
				};
			};
			buildConfigurationList = FAE15EE6200ED1C600F17B57 /* Build configuration list for PBXProject "Event Manager iOS" */;
			compatibilityVersion = "Xcode 8.0";
			developmentRegion = en;
			hasScannedForEncodings = 0;
			knownRegions = (
				en,
				Base,
			);
			mainGroup = FAE15EE2200ED1C600F17B57;
			productRefGroup = FAE15EEC200ED1C600F17B57 /* Products */;
			projectDirPath = "";
			projectRoot = "";
			targets = (
				FAE15EEA200ED1C600F17B57 /* Event Manager iOS */,
				FAE15EFE200ED1C700F17B57 /* Event Manager iOSTests */,
			);
		};
/* End PBXProject section */

/* Begin PBXResourcesBuildPhase section */
		FAE15EE9200ED1C600F17B57 /* Resources */ = {
			isa = PBXResourcesBuildPhase;
			buildActionMask = 2147483647;
			files = (
				FAE15EF9200ED1C700F17B57 /* LaunchScreen.storyboard in Resources */,
				FAE15EF6200ED1C600F17B57 /* Assets.xcassets in Resources */,
				FAE15EF4200ED1C600F17B57 /* Main.storyboard in Resources */,
			);
			runOnlyForDeploymentPostprocessing = 0;
		};
		FAE15EFD200ED1C700F17B57 /* Resources */ = {
			isa = PBXResourcesBuildPhase;
			buildActionMask = 2147483647;
			files = (
			);
			runOnlyForDeploymentPostprocessing = 0;
		};
/* End PBXResourcesBuildPhase section */

/* Begin PBXSourcesBuildPhase section */
		FAE15EE7200ED1C600F17B57 /* Sources */ = {
			isa = PBXSourcesBuildPhase;
			buildActionMask = 2147483647;
			files = (
				FAE15EF1200ED1C600F17B57 /* ViewController.swift in Sources */,
				FAE15EEF200ED1C600F17B57 /* AppDelegate.swift in Sources */,
			);
			runOnlyForDeploymentPostprocessing = 0;
		};
		FAE15EFB200ED1C700F17B57 /* Sources */ = {
			isa = PBXSourcesBuildPhase;
			buildActionMask = 2147483647;
			files = (
				FAE15F04200ED1C700F17B57 /* Event_Manager_iOSTests.swift in Sources */,
			);
			runOnlyForDeploymentPostprocessing = 0;
		};
/* End PBXSourcesBuildPhase section */

/* Begin PBXTargetDependency section */
		FAE15F01200ED1C700F17B57 /* PBXTargetDependency */ = {
			isa = PBXTargetDependency;
			target = FAE15EEA200ED1C600F17B57 /* Event Manager iOS */;
			targetProxy = FAE15F00200ED1C700F17B57 /* PBXContainerItemProxy */;
		};
/* End PBXTargetDependency section */

/* Begin PBXVariantGroup section */
		FAE15EF2200ED1C600F17B57 /* Main.storyboard */ = {
			isa = PBXVariantGroup;
			children = (
				FAE15EF3200ED1C600F17B57 /* Base */,
			);
			name = Main.storyboard;
			sourceTree = "<group>";
		};
		FAE15EF7200ED1C700F17B57 /* LaunchScreen.storyboard */ = {
			isa = PBXVariantGroup;
			children = (
				FAE15EF8200ED1C700F17B57 /* Base */,
			);
			name = LaunchScreen.storyboard;
			sourceTree = "<group>";
		};
/* End PBXVariantGroup section */

/* Begin XCBuildConfiguration section */
		FAE15F06200ED1C700F17B57 /* Debug */ = {
			isa = XCBuildConfiguration;
			buildSettings = {
				ALWAYS_SEARCH_USER_PATHS = NO;
				CLANG_ANALYZER_NONNULL = YES;
				CLANG_ANALYZER_NUMBER_OBJECT_CONVERSION = YES_AGGRESSIVE;
				CLANG_CXX_LANGUAGE_STANDARD = "gnu++14";
				CLANG_CXX_LIBRARY = "libc++";
				CLANG_ENABLE_MODULES = YES;
				CLANG_ENABLE_OBJC_ARC = YES;
				CLANG_WARN_BLOCK_CAPTURE_AUTORELEASING = YES;
				CLANG_WARN_BOOL_CONVERSION = YES;
				CLANG_WARN_COMMA = YES;
				CLANG_WARN_CONSTANT_CONVERSION = YES;
				CLANG_WARN_DIRECT_OBJC_ISA_USAGE = YES_ERROR;
				CLANG_WARN_DOCUMENTATION_COMMENTS = YES;
				CLANG_WARN_EMPTY_BODY = YES;
				CLANG_WARN_ENUM_CONVERSION = YES;
				CLANG_WARN_INFINITE_RECURSION = YES;
				CLANG_WARN_INT_CONVERSION = YES;
				CLANG_WARN_NON_LITERAL_NULL_CONVERSION = YES;
				CLANG_WARN_OBJC_LITERAL_CONVERSION = YES;
				CLANG_WARN_OBJC_ROOT_CLASS = YES_ERROR;
				CLANG_WARN_RANGE_LOOP_ANALYSIS = YES;
				CLANG_WARN_STRICT_PROTOTYPES = YES;
				CLANG_WARN_SUSPICIOUS_MOVE = YES;
				CLANG_WARN_UNGUARDED_AVAILABILITY = YES_AGGRESSIVE;
				CLANG_WARN_UNREACHABLE_CODE = YES;
				CLANG_WARN__DUPLICATE_METHOD_MATCH = YES;
				CODE_SIGN_IDENTITY = "iPhone Developer";
				COPY_PHASE_STRIP = NO;
				DEBUG_INFORMATION_FORMAT = dwarf;
				ENABLE_STRICT_OBJC_MSGSEND = YES;
				ENABLE_TESTABILITY = YES;
				GCC_C_LANGUAGE_STANDARD = gnu11;
				GCC_DYNAMIC_NO_PIC = NO;
				GCC_NO_COMMON_BLOCKS = YES;
				GCC_OPTIMIZATION_LEVEL = 0;
				GCC_PREPROCESSOR_DEFINITIONS = (
					"DEBUG=1",
					"$(inherited)",
				);
				GCC_WARN_64_TO_32_BIT_CONVERSION = YES;
				GCC_WARN_ABOUT_RETURN_TYPE = YES_ERROR;
				GCC_WARN_UNDECLARED_SELECTOR = YES;
				GCC_WARN_UNINITIALIZED_AUTOS = YES_AGGRESSIVE;
				GCC_WARN_UNUSED_FUNCTION = YES;
				GCC_WARN_UNUSED_VARIABLE = YES;
				IPHONEOS_DEPLOYMENT_TARGET = 11.2;
				MTL_ENABLE_DEBUG_INFO = YES;
				ONLY_ACTIVE_ARCH = YES;
				SDKROOT = iphoneos;
				SWIFT_ACTIVE_COMPILATION_CONDITIONS = DEBUG;
				SWIFT_OPTIMIZATION_LEVEL = "-Onone";
			};
			name = Debug;
		};
		FAE15F07200ED1C700F17B57 /* Release */ = {
			isa = XCBuildConfiguration;
			buildSettings = {
				ALWAYS_SEARCH_USER_PATHS = NO;
				CLANG_ANALYZER_NONNULL = YES;
				CLANG_ANALYZER_NUMBER_OBJECT_CONVERSION = YES_AGGRESSIVE;
				CLANG_CXX_LANGUAGE_STANDARD = "gnu++14";
				CLANG_CXX_LIBRARY = "libc++";
				CLANG_ENABLE_MODULES = YES;
				CLANG_ENABLE_OBJC_ARC = YES;
				CLANG_WARN_BLOCK_CAPTURE_AUTORELEASING = YES;
				CLANG_WARN_BOOL_CONVERSION = YES;
				CLANG_WARN_COMMA = YES;
				CLANG_WARN_CONSTANT_CONVERSION = YES;
				CLANG_WARN_DIRECT_OBJC_ISA_USAGE = YES_ERROR;
				CLANG_WARN_DOCUMENTATION_COMMENTS = YES;
				CLANG_WARN_EMPTY_BODY = YES;
				CLANG_WARN_ENUM_CONVERSION = YES;
				CLANG_WARN_INFINITE_RECURSION = YES;
				CLANG_WARN_INT_CONVERSION = YES;
				CLANG_WARN_NON_LITERAL_NULL_CONVERSION = YES;
				CLANG_WARN_OBJC_LITERAL_CONVERSION = YES;
				CLANG_WARN_OBJC_ROOT_CLASS = YES_ERROR;
				CLANG_WARN_RANGE_LOOP_ANALYSIS = YES;
				CLANG_WARN_STRICT_PROTOTYPES = YES;
				CLANG_WARN_SUSPICIOUS_MOVE = YES;
				CLANG_WARN_UNGUARDED_AVAILABILITY = YES_AGGRESSIVE;
				CLANG_WARN_UNREACHABLE_CODE = YES;
				CLANG_WARN__DUPLICATE_METHOD_MATCH = YES;
				CODE_SIGN_IDENTITY = "iPhone Developer";
				COPY_PHASE_STRIP = NO;
				DEBUG_INFORMATION_FORMAT = "dwarf-with-dsym";
				ENABLE_NS_ASSERTIONS = NO;
				ENABLE_STRICT_OBJC_MSGSEND = YES;
				GCC_C_LANGUAGE_STANDARD = gnu11;
				GCC_NO_COMMON_BLOCKS = YES;
				GCC_WARN_64_TO_32_BIT_CONVERSION = YES;
				GCC_WARN_ABOUT_RETURN_TYPE = YES_ERROR;
				GCC_WARN_UNDECLARED_SELECTOR = YES;
				GCC_WARN_UNINITIALIZED_AUTOS = YES_AGGRESSIVE;
				GCC_WARN_UNUSED_FUNCTION = YES;
				GCC_WARN_UNUSED_VARIABLE = YES;
				IPHONEOS_DEPLOYMENT_TARGET = 11.2;
				MTL_ENABLE_DEBUG_INFO = NO;
				SDKROOT = iphoneos;
				SWIFT_OPTIMIZATION_LEVEL = "-Owholemodule";
				VALIDATE_PRODUCT = YES;
			};
			name = Release;
		};
		FAE15F09200ED1C700F17B57 /* Debug */ = {
			isa = XCBuildConfiguration;
			buildSettings = {
				ASSETCATALOG_COMPILER_APPICON_NAME = AppIcon;
				CODE_SIGN_STYLE = Automatic;
				INFOPLIST_FILE = "Event Manager iOS/Info.plist";
				LD_RUNPATH_SEARCH_PATHS = "$(inherited) @executable_path/Frameworks";
				PRODUCT_BUNDLE_IDENTIFIER = "Captstone.Event-Manager-iOS";
				PRODUCT_NAME = "$(TARGET_NAME)";
				SWIFT_VERSION = 4.0;
				TARGETED_DEVICE_FAMILY = "1,2";
			};
			name = Debug;
		};
		FAE15F0A200ED1C700F17B57 /* Release */ = {
			isa = XCBuildConfiguration;
			buildSettings = {
				ASSETCATALOG_COMPILER_APPICON_NAME = AppIcon;
				CODE_SIGN_STYLE = Automatic;
				INFOPLIST_FILE = "Event Manager iOS/Info.plist";
				LD_RUNPATH_SEARCH_PATHS = "$(inherited) @executable_path/Frameworks";
				PRODUCT_BUNDLE_IDENTIFIER = "Captstone.Event-Manager-iOS";
				PRODUCT_NAME = "$(TARGET_NAME)";
				SWIFT_VERSION = 4.0;
				TARGETED_DEVICE_FAMILY = "1,2";
			};
			name = Release;
		};
		FAE15F0C200ED1C700F17B57 /* Debug */ = {
			isa = XCBuildConfiguration;
			buildSettings = {
				ALWAYS_EMBED_SWIFT_STANDARD_LIBRARIES = YES;
				BUNDLE_LOADER = "$(TEST_HOST)";
				CODE_SIGN_STYLE = Automatic;
				INFOPLIST_FILE = "Event Manager iOSTests/Info.plist";
				LD_RUNPATH_SEARCH_PATHS = "$(inherited) @executable_path/Frameworks @loader_path/Frameworks";
				PRODUCT_BUNDLE_IDENTIFIER = "Captstone.Event-Manager-iOSTests";
				PRODUCT_NAME = "$(TARGET_NAME)";
				SWIFT_VERSION = 4.0;
				TARGETED_DEVICE_FAMILY = "1,2";
				TEST_HOST = "$(BUILT_PRODUCTS_DIR)/Event Manager iOS.app/Event Manager iOS";
			};
			name = Debug;
		};
		FAE15F0D200ED1C700F17B57 /* Release */ = {
			isa = XCBuildConfiguration;
			buildSettings = {
				ALWAYS_EMBED_SWIFT_STANDARD_LIBRARIES = YES;
				BUNDLE_LOADER = "$(TEST_HOST)";
				CODE_SIGN_STYLE = Automatic;
				INFOPLIST_FILE = "Event Manager iOSTests/Info.plist";
				LD_RUNPATH_SEARCH_PATHS = "$(inherited) @executable_path/Frameworks @loader_path/Frameworks";
				PRODUCT_BUNDLE_IDENTIFIER = "Captstone.Event-Manager-iOSTests";
				PRODUCT_NAME = "$(TARGET_NAME)";
				SWIFT_VERSION = 4.0;
				TARGETED_DEVICE_FAMILY = "1,2";
				TEST_HOST = "$(BUILT_PRODUCTS_DIR)/Event Manager iOS.app/Event Manager iOS";
			};
			name = Release;
		};
/* End XCBuildConfiguration section */

/* Begin XCConfigurationList section */
		FAE15EE6200ED1C600F17B57 /* Build configuration list for PBXProject "Event Manager iOS" */ = {
			isa = XCConfigurationList;
			buildConfigurations = (
				FAE15F06200ED1C700F17B57 /* Debug */,
				FAE15F07200ED1C700F17B57 /* Release */,
			);
			defaultConfigurationIsVisible = 0;
			defaultConfigurationName = Release;
		};
		FAE15F08200ED1C700F17B57 /* Build configuration list for PBXNativeTarget "Event Manager iOS" */ = {
			isa = XCConfigurationList;
			buildConfigurations = (
				FAE15F09200ED1C700F17B57 /* Debug */,
				FAE15F0A200ED1C700F17B57 /* Release */,
			);
			defaultConfigurationIsVisible = 0;
			defaultConfigurationName = Release;
		};
		FAE15F0B200ED1C700F17B57 /* Build configuration list for PBXNativeTarget "Event Manager iOSTests" */ = {
			isa = XCConfigurationList;
			buildConfigurations = (
				FAE15F0C200ED1C700F17B57 /* Debug */,
				FAE15F0D200ED1C700F17B57 /* Release */,
			);
			defaultConfigurationIsVisible = 0;
			defaultConfigurationName = Release;
		};
/* End XCConfigurationList section */
	};
	rootObject = FAE15EE3200ED1C600F17B57 /* Project object */;
}
